
Microsoft Visual Studio Solution File, Format Version 12.00
# Visual Studio 14
VisualStudioVersion = 14.0.23107.0
MinimumVisualStudioVersion = 10.0.40219.1
Project("{FAE04EC0-301F-11D3-BF4B-00C04F79EFBC}") = "Github Tester", "Github Tester\Github Tester.csproj", "{93410C92-4742-4203-9102-ED925F4BE2DC}"
EndProject
Global
	GlobalSection(SolutionConfigurationPlatforms) = preSolution
		Debug|Any CPU = Debug|Any CPU
		Release|Any CPU = Release|Any CPU
	EndGlobalSection
	GlobalSection(ProjectConfigurationPlatforms) = postSolution
		{93410C92-4742-4203-9102-ED925F4BE2DC}.Debug|Any CPU.ActiveCfg = Debug|Any CPU
		{93410C92-4742-4203-9102-ED925F4BE2DC}.Debug|Any CPU.Build.0 = Debug|Any CPU
		{93410C92-4742-4203-9102-ED925F4BE2DC}.Release|Any CPU.ActiveCfg = Release|Any CPU
		{93410C92-4742-4203-9102-ED925F4BE2DC}.Release|Any CPU.Build.0 = Release|Any CPU
	EndGlobalSection
	GlobalSection(SolutionProperties) = preSolution
		HideSolutionNode = FALSE
	EndGlobalSection
EndGlobal
